// !$*UTF8*$!
{
	archiveVersion = 1;
	classes = {
	};
	objectVersion = 46;
	objects = {

/* Begin PBXBuildFile section */
		491E60201EF22D8500EC397F /* AppDelegate.swift in Sources */ = {isa = PBXBuildFile; fileRef = 491E601F1EF22D8500EC397F /* AppDelegate.swift */; };
		491E60221EF22D8500EC397F /* SimpleOpenCameraViewController.swift in Sources */ = {isa = PBXBuildFile; fileRef = 491E60211EF22D8500EC397F /* SimpleOpenCameraViewController.swift */; };
		491E60251EF22D8500EC397F /* Main.storyboard in Resources */ = {isa = PBXBuildFile; fileRef = 491E60231EF22D8500EC397F /* Main.storyboard */; };
		491E60271EF22D8500EC397F /* Assets.xcassets in Resources */ = {isa = PBXBuildFile; fileRef = 491E60261EF22D8500EC397F /* Assets.xcassets */; };
		491E602A1EF22D8500EC397F /* LaunchScreen.storyboard in Resources */ = {isa = PBXBuildFile; fileRef = 491E60281EF22D8500EC397F /* LaunchScreen.storyboard */; };
		49FEF2651EF3903B00EE3DE1 /* CustomCameraViewController.swift in Sources */ = {isa = PBXBuildFile; fileRef = 49FEF2641EF3903B00EE3DE1 /* CustomCameraViewController.swift */; };
		49FEF2671EF3905900EE3DE1 /* HomeViewController.swift in Sources */ = {isa = PBXBuildFile; fileRef = 49FEF2661EF3905900EE3DE1 /* HomeViewController.swift */; };
/* End PBXBuildFile section */

/* Begin PBXFileReference section */
		491E601C1EF22D8500EC397F /* LabCamera.app */ = {isa = PBXFileReference; explicitFileType = wrapper.application; includeInIndex = 0; path = LabCamera.app; sourceTree = BUILT_PRODUCTS_DIR; };
		491E601F1EF22D8500EC397F /* AppDelegate.swift */ = {isa = PBXFileReference; lastKnownFileType = sourcecode.swift; path = AppDelegate.swift; sourceTree = "<group>"; };
		491E60211EF22D8500EC397F /* SimpleOpenCameraViewController.swift */ = {isa = PBXFileReference; lastKnownFileType = sourcecode.swift; path = SimpleOpenCameraViewController.swift; sourceTree = "<group>"; };
		491E60241EF22D8500EC397F /* Base */ = {isa = PBXFileReference; lastKnownFileType = file.storyboard; name = Base; path = Base.lproj/Main.storyboard; sourceTree = "<group>"; };
		491E60261EF22D8500EC397F /* Assets.xcassets */ = {isa = PBXFileReference; lastKnownFileType = folder.assetcatalog; path = Assets.xcassets; sourceTree = "<group>"; };
		491E60291EF22D8500EC397F /* Base */ = {isa = PBXFileReference; lastKnownFileType = file.storyboard; name = Base; path = Base.lproj/LaunchScreen.storyboard; sourceTree = "<group>"; };
		491E602B1EF22D8500EC397F /* Info.plist */ = {isa = PBXFileReference; lastKnownFileType = text.plist.xml; path = Info.plist; sourceTree = "<group>"; };
		49FEF2641EF3903B00EE3DE1 /* CustomCameraViewController.swift */ = {isa = PBXFileReference; fileEncoding = 4; lastKnownFileType = sourcecode.swift; path = CustomCameraViewController.swift; sourceTree = "<group>"; };
		49FEF2661EF3905900EE3DE1 /* HomeViewController.swift */ = {isa = PBXFileReference; fileEncoding = 4; lastKnownFileType = sourcecode.swift; path = HomeViewController.swift; sourceTree = "<group>"; };
/* End PBXFileReference section */

/* Begin PBXFrameworksBuildPhase section */
		491E60191EF22D8400EC397F /* Frameworks */ = {
			isa = PBXFrameworksBuildPhase;
			buildActionMask = 2147483647;
			files = (
			);
			runOnlyForDeploymentPostprocessing = 0;
		};
/* End PBXFrameworksBuildPhase section */

/* Begin PBXGroup section */
		491E60131EF22D8400EC397F = {
			isa = PBXGroup;
			children = (
				491E601E1EF22D8500EC397F /* LabCamera */,
				491E601D1EF22D8500EC397F /* Products */,
			);
			sourceTree = "<group>";
		};
		491E601D1EF22D8500EC397F /* Products */ = {
			isa = PBXGroup;
			children = (
				491E601C1EF22D8500EC397F /* LabCamera.app */,
			);
			name = Products;
			sourceTree = "<group>";
		};
		491E601E1EF22D8500EC397F /* LabCamera */ = {
			isa = PBXGroup;
			children = (
				491E601F1EF22D8500EC397F /* AppDelegate.swift */,
				491E60211EF22D8500EC397F /* SimpleOpenCameraViewController.swift */,
				491E60231EF22D8500EC397F /* Main.storyboard */,
				491E60261EF22D8500EC397F /* Assets.xcassets */,
				491E60281EF22D8500EC397F /* LaunchScreen.storyboard */,
				491E602B1EF22D8500EC397F /* Info.plist */,
				49FEF2641EF3903B00EE3DE1 /* CustomCameraViewController.swift */,
				49FEF2661EF3905900EE3DE1 /* HomeViewController.swift */,
			);
			path = LabCamera;
			sourceTree = "<group>";
		};
/* End PBXGroup section */

/* Begin PBXNativeTarget section */
		491E601B1EF22D8400EC397F /* LabCamera */ = {
			isa = PBXNativeTarget;
			buildConfigurationList = 491E602E1EF22D8500EC397F /* Build configuration list for PBXNativeTarget "LabCamera" */;
			buildPhases = (
				491E60181EF22D8400EC397F /* Sources */,
				491E60191EF22D8400EC397F /* Frameworks */,
				491E601A1EF22D8400EC397F /* Resources */,
			);
			buildRules = (
			);
			dependencies = (
			);
			name = LabCamera;
			productName = LabCamera;
			productReference = 491E601C1EF22D8500EC397F /* LabCamera.app */;
			productType = "com.apple.product-type.application";
		};
/* End PBXNativeTarget section */

/* Begin PBXProject section */
		491E60141EF22D8400EC397F /* Project object */ = {
			isa = PBXProject;
			attributes = {
				LastSwiftUpdateCheck = 0830;
				LastUpgradeCheck = 0830;
				ORGANIZATIONNAME = "Miguel Hernandez";
				TargetAttributes = {
					491E601B1EF22D8400EC397F = {
						CreatedOnToolsVersion = 8.3.3;
						DevelopmentTeam = UGV44U87B4;
						ProvisioningStyle = Automatic;
					};
				};
			};
			buildConfigurationList = 491E60171EF22D8400EC397F /* Build configuration list for PBXProject "LabCamera" */;
			compatibilityVersion = "Xcode 3.2";
			developmentRegion = English;
			hasScannedForEncodings = 0;
			knownRegions = (
				en,
				Base,
			);
			mainGroup = 491E60131EF22D8400EC397F;
			productRefGroup = 491E601D1EF22D8500EC397F /* Products */;
			projectDirPath = "";
			projectRoot = "";
			targets = (
				491E601B1EF22D8400EC397F /* LabCamera */,
			);
		};
/* End PBXProject section */

/* Begin PBXResourcesBuildPhase section */
		491E601A1EF22D8400EC397F /* Resources */ = {
			isa = PBXResourcesBuildPhase;
			buildActionMask = 2147483647;
			files = (
				491E602A1EF22D8500EC397F /* LaunchScreen.storyboard in Resources */,
				491E60271EF22D8500EC397F /* Assets.xcassets in Resources */,
				491E60251EF22D8500EC397F /* Main.storyboard in Resources */,
			);
			runOnlyForDeploymentPostprocessing = 0;
		};
/* End PBXResourcesBuildPhase section */

/* Begin PBXSourcesBuildPhase section */
		491E60181EF22D8400EC397F /* Sources */ = {
			isa = PBXSourcesBuildPhase;
			buildActionMask = 2147483647;
			files = (
				49FEF2651EF3903B00EE3DE1 /* CustomCameraViewController.swift in Sources */,
				491E60221EF22D8500EC397F /* SimpleOpenCameraViewController.swift in Sources */,
				491E60201EF22D8500EC397F /* AppDelegate.swift in Sources */,
				49FEF2671EF3905900EE3DE1 /* HomeViewController.swift in Sources */,
			);
			runOnlyForDeploymentPostprocessing = 0;
		};
/* End PBXSourcesBuildPhase section */

/* Begin PBXVariantGroup section */
		491E60231EF22D8500EC397F /* Main.storyboard */ = {
			isa = PBXVariantGroup;
			children = (
				491E60241EF22D8500EC397F /* Base */,
			);
			name = Main.storyboard;
			sourceTree = "<group>";
		};
		491E60281EF22D8500EC397F /* LaunchScreen.storyboard */ = {
			isa = PBXVariantGroup;
			children = (
				491E60291EF22D8500EC397F /* Base */,
			);
			name = LaunchScreen.storyboard;
			sourceTree = "<group>";
		};
/* End PBXVariantGroup section */

/* Begin XCBuildConfiguration section */
		491E602C1EF22D8500EC397F /* Debug */ = {
			isa = XCBuildConfiguration;
			buildSettings = {
				ALWAYS_SEARCH_USER_PATHS = NO;
				CLANG_ANALYZER_NONNULL = YES;
				CLANG_ANALYZER_NUMBER_OBJECT_CONVERSION = YES_AGGRESSIVE;
				CLANG_CXX_LANGUAGE_STANDARD = "gnu++0x";
				CLANG_CXX_LIBRARY = "libc++";
				CLANG_ENABLE_MODULES = YES;
				CLANG_ENABLE_OBJC_ARC = YES;
				CLANG_WARN_BOOL_CONVERSION = YES;
				CLANG_WARN_CONSTANT_CONVERSION = YES;
				CLANG_WARN_DIRECT_OBJC_ISA_USAGE = YES_ERROR;
				CLANG_WARN_DOCUMENTATION_COMMENTS = YES;
				CLANG_WARN_EMPTY_BODY = YES;
				CLANG_WARN_ENUM_CONVERSION = YES;
				CLANG_WARN_INFINITE_RECURSION = YES;
				CLANG_WARN_INT_CONVERSION = YES;
				CLANG_WARN_OBJC_ROOT_CLASS = YES_ERROR;
				CLANG_WARN_SUSPICIOUS_MOVE = YES;
				CLANG_WARN_UNREACHABLE_CODE = YES;
				CLANG_WARN__DUPLICATE_METHOD_MATCH = YES;
				"CODE_SIGN_IDENTITY[sdk=iphoneos*]" = "iPhone Developer";
				COPY_PHASE_STRIP = NO;
				DEBUG_INFORMATION_FORMAT = dwarf;
				ENABLE_STRICT_OBJC_MSGSEND = YES;
				ENABLE_TESTABILITY = YES;
				GCC_C_LANGUAGE_STANDARD = gnu99;
				GCC_DYNAMIC_NO_PIC = NO;
				GCC_NO_COMMON_BLOCKS = YES;
				GCC_OPTIMIZATION_LEVEL = 0;
				GCC_PREPROCESSOR_DEFINITIONS = (
					"DEBUG=1",
					"$(inherited)",
				);
				GCC_WARN_64_TO_32_BIT_CONVERSION = YES;
				GCC_WARN_ABOUT_RETURN_TYPE = YES_ERROR;
				GCC_WARN_UNDECLARED_SELECTOR = YES;
				GCC_WARN_UNINITIALIZED_AUTOS = YES_AGGRESSIVE;
				GCC_WARN_UNUSED_FUNCTION = YES;
				GCC_WARN_UNUSED_VARIABLE = YES;
				IPHONEOS_DEPLOYMENT_TARGET = 10.3;
				MTL_ENABLE_DEBUG_INFO = YES;
				ONLY_ACTIVE_ARCH = YES;
				SDKROOT = iphoneos;
				SWIFT_ACTIVE_COMPILATION_CONDITIONS = DEBUG;
				SWIFT_OPTIMIZATION_LEVEL = "-Onone";
			};
			name = Debug;
		};
		491E602D1EF22D8500EC397F /* Release */ = {
			isa = XCBuildConfiguration;
			buildSettings = {
				ALWAYS_SEARCH_USER_PATHS = NO;
				CLANG_ANALYZER_NONNULL = YES;
				CLANG_ANALYZER_NUMBER_OBJECT_CONVERSION = YES_AGGRESSIVE;
				CLANG_CXX_LANGUAGE_STANDARD = "gnu++0x";
				CLANG_CXX_LIBRARY = "libc++";
				CLANG_ENABLE_MODULES = YES;
				CLANG_ENABLE_OBJC_ARC = YES;
				CLANG_WARN_BOOL_CONVERSION = YES;
				CLANG_WARN_CONSTANT_CONVERSION = YES;
				CLANG_WARN_DIRECT_OBJC_ISA_USAGE = YES_ERROR;
				CLANG_WARN_DOCUMENTATION_COMMENTS = YES;
				CLANG_WARN_EMPTY_BODY = YES;
				CLANG_WARN_ENUM_CONVERSION = YES;
				CLANG_WARN_INFINITE_RECURSION = YES;
				CLANG_WARN_INT_CONVERSION = YES;
				CLANG_WARN_OBJC_ROOT_CLASS = YES_ERROR;
				CLANG_WARN_SUSPICIOUS_MOVE = YES;
				CLANG_WARN_UNREACHABLE_CODE = YES;
				CLANG_WARN__DUPLICATE_METHOD_MATCH = YES;
				"CODE_SIGN_IDENTITY[sdk=iphoneos*]" = "iPhone Developer";
				COPY_PHASE_STRIP = NO;
				DEBUG_INFORMATION_FORMAT = "dwarf-with-dsym";
				ENABLE_NS_ASSERTIONS = NO;
				ENABLE_STRICT_OBJC_MSGSEND = YES;
				GCC_C_LANGUAGE_STANDARD = gnu99;
				GCC_NO_COMMON_BLOCKS = YES;
				GCC_WARN_64_TO_32_BIT_CONVERSION = YES;
				GCC_WARN_ABOUT_RETURN_TYPE = YES_ERROR;
				GCC_WARN_UNDECLARED_SELECTOR = YES;
				GCC_WARN_UNINITIALIZED_AUTOS = YES_AGGRESSIVE;
				GCC_WARN_UNUSED_FUNCTION = YES;
				GCC_WARN_UNUSED_VARIABLE = YES;
				IPHONEOS_DEPLOYMENT_TARGET = 10.3;
				MTL_ENABLE_DEBUG_INFO = NO;
				SDKROOT = iphoneos;
				SWIFT_OPTIMIZATION_LEVEL = "-Owholemodule";
				VALIDATE_PRODUCT = YES;
			};
			name = Release;
		};
		491E602F1EF22D8500EC397F /* Debug */ = {
			isa = XCBuildConfiguration;
			buildSettings = {
				ASSETCATALOG_COMPILER_APPICON_NAME = AppIcon;
				DEVELOPMENT_TEAM = UGV44U87B4;
				INFOPLIST_FILE = LabCamera/Info.plist;
				LD_RUNPATH_SEARCH_PATHS = "$(inherited) @executable_path/Frameworks";
				PRODUCT_BUNDLE_IDENTIFIER = cl.mglhernandez.LabCamera;
				PRODUCT_NAME = "$(TARGET_NAME)";
				SWIFT_VERSION = 3.0;
			};
			name = Debug;
		};
		491E60301EF22D8500EC397F /* Release */ = {
			isa = XCBuildConfiguration;
			buildSettings = {
				ASSETCATALOG_COMPILER_APPICON_NAME = AppIcon;
				DEVELOPMENT_TEAM = UGV44U87B4;
				INFOPLIST_FILE = LabCamera/Info.plist;
				LD_RUNPATH_SEARCH_PATHS = "$(inherited) @executable_path/Frameworks";
				PRODUCT_BUNDLE_IDENTIFIER = cl.mglhernandez.LabCamera;
				PRODUCT_NAME = "$(TARGET_NAME)";
				SWIFT_VERSION = 3.0;
			};
			name = Release;
		};
/* End XCBuildConfiguration section */

/* Begin XCConfigurationList section */
		491E60171EF22D8400EC397F /* Build configuration list for PBXProject "LabCamera" */ = {
			isa = XCConfigurationList;
			buildConfigurations = (
				491E602C1EF22D8500EC397F /* Debug */,
				491E602D1EF22D8500EC397F /* Release */,
			);
			defaultConfigurationIsVisible = 0;
			defaultConfigurationName = Release;
		};
		491E602E1EF22D8500EC397F /* Build configuration list for PBXNativeTarget "LabCamera" */ = {
			isa = XCConfigurationList;
			buildConfigurations = (
				491E602F1EF22D8500EC397F /* Debug */,
				491E60301EF22D8500EC397F /* Release */,
			);
			defaultConfigurationIsVisible = 0;
			defaultConfigurationName = Release;
		};
/* End XCConfigurationList section */
	};
	rootObject = 491E60141EF22D8400EC397F /* Project object */;
}
